
Microsoft Visual Studio Solution File, Format Version 12.00
# Visual Studio Version 17
VisualStudioVersion = 17.2.33530.394
MinimumVisualStudioVersion = 10.0.40219.1
Project("{9A19103F-16F7-4668-BE54-9A1E7A4F7556}") = "FileSystemVisitor", "FileSystemVisitor.csproj", "{084A3A61-6750-4ECE-A5A3-3254FBE5EF5A}"
EndProject
Project("{FAE04EC0-301F-11D3-BF4B-00C04F79EFBC}") = "FileSystemVisitor.Tests", "..\FileSystemVisitor.Tests\FileSystemVisitor.Tests.csproj", "{58AFA463-C097-48DC-8AB9-9C5EA88ACE49}"
	ProjectSection(ProjectDependencies) = postProject
		{084A3A61-6750-4ECE-A5A3-3254FBE5EF5A} = {084A3A61-6750-4ECE-A5A3-3254FBE5EF5A}
	EndProjectSection
EndProject
Global
	GlobalSection(SolutionConfigurationPlatforms) = preSolution
		Debug|Any CPU = Debug|Any CPU
		Release|Any CPU = Release|Any CPU
	EndGlobalSection
	GlobalSection(ProjectConfigurationPlatforms) = postSolution
		{084A3A61-6750-4ECE-A5A3-3254FBE5EF5A}.Debug|Any CPU.ActiveCfg = Debug|Any CPU
		{084A3A61-6750-4ECE-A5A3-3254FBE5EF5A}.Debug|Any CPU.Build.0 = Debug|Any CPU
		{084A3A61-6750-4ECE-A5A3-3254FBE5EF5A}.Release|Any CPU.ActiveCfg = Release|Any CPU
		{084A3A61-6750-4ECE-A5A3-3254FBE5EF5A}.Release|Any CPU.Build.0 = Release|Any CPU
		{58AFA463-C097-48DC-8AB9-9C5EA88ACE49}.Debug|Any CPU.ActiveCfg = Debug|Any CPU
		{58AFA463-C097-48DC-8AB9-9C5EA88ACE49}.Debug|Any CPU.Build.0 = Debug|Any CPU
		{58AFA463-C097-48DC-8AB9-9C5EA88ACE49}.Release|Any CPU.ActiveCfg = Release|Any CPU
		{58AFA463-C097-48DC-8AB9-9C5EA88ACE49}.Release|Any CPU.Build.0 = Release|Any CPU
	EndGlobalSection
	GlobalSection(SolutionProperties) = preSolution
		HideSolutionNode = FALSE
	EndGlobalSection
	GlobalSection(ExtensibilityGlobals) = postSolution
		SolutionGuid = {B0EED528-015D-404D-ABB6-F254BF3778BA}
	EndGlobalSection
EndGlobal
